{
  "name": "prisma-postgre-demo",
  "version": "1.0.0",
  "lockfileVersion": 2,
  "requires": true,
  "packages": {
    "": {
      "name": "prisma-postgre-demo",
      "version": "1.0.0",
      "license": "ISC",
      "devDependencies": {
        "prisma": "^4.11.0"
      }
    },
    "node_modules/@prisma/engines": {
      "version": "4.11.0",
      "resolved": "https://npm.devops.cndinfo.com/@prisma%2fengines/-/engines-4.11.0.tgz",
      "integrity": "sha512-0AEBi2HXGV02cf6ASsBPhfsVIbVSDC9nbQed4iiY5eHttW9ZtMxHThuKZE1pnESbr8HRdgmFSa/Kn4OSNYuibg==",
      "dev": true,
      "hasInstallScript": true,
      "license": "Apache-2.0"
    },
    "node_modules/prisma": {
      "version": "4.11.0",
      "resolved": "https://npm.devops.cndinfo.com/prisma/-/prisma-4.11.0.tgz",
      "integrity": "sha512-4zZmBXssPUEiX+GeL0MUq/Yyie4ltiKmGu7jCJFnYMamNrrulTBc+D+QwAQSJ01tyzeGHlD13kOnqPwRipnlNw==",
      "dev": true,
      "hasInstallScript": true,
      "license": "Apache-2.0",
      "dependencies": {
        "@prisma/engines": "4.11.0"
      },
      "bin": {
        "prisma": "build/index.js",
        "prisma2": "build/index.js"
      },
      "engines": {
        "node": ">=14.17"
      }
    }
  },
  "dependencies": {
    "@prisma/engines": {
      "version": "4.11.0",
      "resolved": "https://npm.devops.cndinfo.com/@prisma%2fengines/-/engines-4.11.0.tgz",
      "integrity": "sha512-0AEBi2HXGV02cf6ASsBPhfsVIbVSDC9nbQed4iiY5eHttW9ZtMxHThuKZE1pnESbr8HRdgmFSa/Kn4OSNYuibg==",
      "dev": true
    },
    "prisma": {
      "version": "4.11.0",
      "resolved": "https://npm.devops.cndinfo.com/prisma/-/prisma-4.11.0.tgz",
      "integrity": "sha512-4zZmBXssPUEiX+GeL0MUq/Yyie4ltiKmGu7jCJFnYMamNrrulTBc+D+QwAQSJ01tyzeGHlD13kOnqPwRipnlNw==",
      "dev": true,
      "requires": {
        "@prisma/engines": "4.11.0"
      }
    }
  }
}
